
Microsoft Visual Studio Solution File, Format Version 12.00
# Visual Studio Version 17
VisualStudioVersion = 17.0.31903.59
MinimumVisualStudioVersion = 10.0.40219.1
Project("{2150E333-8FDC-42A3-9474-1A3956D46DE8}") = "src", "src", "{070A375C-5CF9-41CE-A2EA-6EE989A8EB49}"
EndProject
Project("{FAE04EC0-301F-11D3-BF4B-00C04F79EFBC}") = "DotNetHuskySample", "src\DotNetHuskySample\DotNetHuskySample.csproj", "{409E871F-21A7-4AD9-9BCB-BFE52798484E}"
EndProject
Global
	GlobalSection(SolutionConfigurationPlatforms) = preSolution
		Debug|Any CPU = Debug|Any CPU
		Release|Any CPU = Release|Any CPU
	EndGlobalSection
	GlobalSection(SolutionProperties) = preSolution
		HideSolutionNode = FALSE
	EndGlobalSection
	GlobalSection(ProjectConfigurationPlatforms) = postSolution
		{409E871F-21A7-4AD9-9BCB-BFE52798484E}.Debug|Any CPU.ActiveCfg = Debug|Any CPU
		{409E871F-21A7-4AD9-9BCB-BFE52798484E}.Debug|Any CPU.Build.0 = Debug|Any CPU
		{409E871F-21A7-4AD9-9BCB-BFE52798484E}.Release|Any CPU.ActiveCfg = Release|Any CPU
		{409E871F-21A7-4AD9-9BCB-BFE52798484E}.Release|Any CPU.Build.0 = Release|Any CPU
	EndGlobalSection
	GlobalSection(NestedProjects) = preSolution
		{409E871F-21A7-4AD9-9BCB-BFE52798484E} = {070A375C-5CF9-41CE-A2EA-6EE989A8EB49}
	EndGlobalSection
EndGlobal
